
Microsoft Visual Studio Solution File, Format Version 12.00
# Visual Studio Version 17
VisualStudioVersion = 17.14.36717.8 d17.14
MinimumVisualStudioVersion = 10.0.40219.1
Project("{FAE04EC0-301F-11D3-BF4B-00C04F79EFBC}") = "CRUD", "CRUD\CRUD.csproj", "{13CC3438-FA05-4F49-820A-76B4E5540C2C}"
EndProject
Global
	GlobalSection(SolutionConfigurationPlatforms) = preSolution
		Debug|Any CPU = Debug|Any CPU
		Release|Any CPU = Release|Any CPU
	EndGlobalSection
	GlobalSection(ProjectConfigurationPlatforms) = postSolution
		{13CC3438-FA05-4F49-820A-76B4E5540C2C}.Debug|Any CPU.ActiveCfg = Debug|Any CPU
		{13CC3438-FA05-4F49-820A-76B4E5540C2C}.Debug|Any CPU.Build.0 = Debug|Any CPU
		{13CC3438-FA05-4F49-820A-76B4E5540C2C}.Release|Any CPU.ActiveCfg = Release|Any CPU
		{13CC3438-FA05-4F49-820A-76B4E5540C2C}.Release|Any CPU.Build.0 = Release|Any CPU
	EndGlobalSection
	GlobalSection(SolutionProperties) = preSolution
		HideSolutionNode = FALSE
	EndGlobalSection
	GlobalSection(ExtensibilityGlobals) = postSolution
		SolutionGuid = {7F1313EB-0567-4299-91FF-74127A292758}
	EndGlobalSection
EndGlobal
